<?xml version="1.0" encoding="utf-8"?>
<Project ToolsVersion="4.0" xmlns="http://schemas.microsoft.com/developer/msbuild/2003">
  <ItemGroup>
    <Filter Include="Source Files">
      <UniqueIdentifier>{4FC737F1-C7A5-4376-A066-2A32D752A2FF}</UniqueIdentifier>
      <Extensions>cpp;c;cc;cxx;def;odl;idl;hpj;bat;asm;asmx</Extensions>
    </Filter>
    <Filter Include="Header Files">
      <UniqueIdentifier>{93995380-89BD-4b04-88EB-625FBE52EBFB}</UniqueIdentifier>
      <Extensions>h;hh;hpp;hxx;hm;inl;inc;xsd</Extensions>
    </Filter>
    <Filter Include="Resource Files">
      <UniqueIdentifier>{67DA6AB6-F800-4c08-8B7A-83BB121AAD01}</UniqueIdentifier>
      <Extensions>rc;ico;cur;bmp;dlg;rc2;rct;bin;rgs;gif;jpg;jpeg;jpe;resx;tiff;tif;png;wav;mfcribbon-ms</Extensions>
    </Filter>
  </ItemGroup>
  <ItemGroup>
    <ClCompile Include="..\core\book.c">
      <Filter>Source Files</Filter>
    </ClCompile>
    <ClCompile Include="..\core\break.c">
      <Filter>Source Files</Filter>
    </ClCompile>
    <ClCompile Include="..\core\end.c">
      <Filter>Source Files</Filter>
    </ClCompile>
    <ClCompile Include="..\core\eval.c">
      <Filter>Source Files</Filter>
    </ClCompile>
    <ClCompile Include="..\core\move.c">
      <Filter>Source Files</Filter>
    </ClCompile>
    <ClCompile Include="..\core\tt.c">
      <Filter>Source Files</Filter>
    </ClCompile>
    <ClCompile Include="..\core\util.c">
      <Filter>Source Files</Filter>
    </ClCompile>
    <ClCompile Include="..\main\dxp.c">
      <Filter>Source Files</Filter>
    </ClCompile>
    <ClCompile Include="..\main\pdn.c">
      <Filter>Source Files</Filter>
    </ClCompile>
    <ClCompile Include="..\main\search.c">
      <Filter>Source Files</Filter>
    </ClCompile>
    <ClCompile Include="getopt.c">
      <Filter>Source Files</Filter>
    </ClCompile>
  </ItemGroup>
  <ItemGroup>
    <ClInclude Include="..\core\book.h">
      <Filter>Header Files</Filter>
    </ClInclude>
    <ClInclude Include="..\core\break.h">
      <Filter>Header Files</Filter>
    </ClInclude>
    <ClInclude Include="..\core\core.h">
      <Filter>Header Files</Filter>
    </ClInclude>
    <ClInclude Include="..\core\end.h">
      <Filter>Header Files</Filter>
    </ClInclude>
    <ClInclude Include="..\core\eval.h">
      <Filter>Header Files</Filter>
    </ClInclude>
    <ClInclude Include="..\core\move.h">
      <Filter>Header Files</Filter>
    </ClInclude>
    <ClInclude Include="..\core\tt.h">
      <Filter>Header Files</Filter>
    </ClInclude>
    <ClInclude Include="..\core\util.h">
      <Filter>Header Files</Filter>
    </ClInclude>
    <ClInclude Include="..\main\dxp.h">
      <Filter>Header Files</Filter>
    </ClInclude>
    <ClInclude Include="..\main\main.h">
      <Filter>Header Files</Filter>
    </ClInclude>
    <ClInclude Include="..\main\pdn.h">
      <Filter>Header Files</Filter>
    </ClInclude>
    <ClInclude Include="..\main\search.h">
      <Filter>Header Files</Filter>
    </ClInclude>
    <ClInclude Include="getopt.h">
      <Filter>Header Files</Filter>
    </ClInclude>
  </ItemGroup>
</Project>